<?xml version="1.0" encoding="utf-8"?>
<Project ToolsVersion="4.0" xmlns="http://schemas.microsoft.com/developer/msbuild/2003">
  <ItemGroup>
    <Filter Include="Dependencies">
      <UniqueIdentifier>{6C01343A-5864-C3DE-01EA-FB94ED2B8F61}</UniqueIdentifier>
    </Filter>
    <Filter Include="Dependencies\GLFW">
      <UniqueIdentifier>{2B80440F-9796-42A5-E00D-CEC64C63132D}</UniqueIdentifier>
    </Filter>
    <Filter Include="Dependencies\GLFW\include">
      <UniqueIdentifier>{9EA238D7-0A65-6C61-5315-FBEDBF16453F}</UniqueIdentifier>
    </Filter>
    <Filter Include="Dependencies\GLFW\include\GLFW">
      <UniqueIdentifier>{9DB0F771-89D6-C1D8-721C-47A45EE1E6A4}</UniqueIdentifier>
    </Filter>
    <Filter Include="Dependencies\GLM">
      <UniqueIdentifier>{5BD5094E-47CE-28A0-7000-0E255C5808AC}</UniqueIdentifier>
    </Filter>
    <Filter Include="Dependencies\GLM\glm">
      <UniqueIdentifier>{2A95763F-1624-0009-BF42-1404ABB010AF}</UniqueIdentifier>
    </Filter>
    <Filter Include="Dependencies\GLM\glm\detail">
      <UniqueIdentifier>{ACD903A5-18E7-318B-A1CD-2D760DDAFD41}</UniqueIdentifier>
    </Filter>
    <Filter Include="Dependencies\GLM\glm\simd">
      <UniqueIdentifier>{C6BB674F-327E-9BD9-7B2E-2A66E72F74B7}</UniqueIdentifier>
    </Filter>
    <Filter Include="Dependencies\glad">
      <UniqueIdentifier>{F397560F-5FAE-54A5-A825-E0C6147B252D}</UniqueIdentifier>
    </Filter>
    <Filter Include="Dependencies\glad\include">
      <UniqueIdentifier>{6602AAF8-D2C4-DD82-1B75-6C0F8776B660}</UniqueIdentifier>
    </Filter>
    <Filter Include="Dependencies\glad\include\KHR">
      <UniqueIdentifier>{DAD32B69-46EC-1293-0F99-A22C7B70A72C}</UniqueIdentifier>
    </Filter>
    <Filter Include="Dependencies\glad\include\glad">
      <UniqueIdentifier>{2D45B68E-196B-80F5-02B1-05C1EE75A5C1}</UniqueIdentifier>
    </Filter>
    <Filter Include="Dependencies\stb">
      <UniqueIdentifier>{C4950A4E-B08E-29A0-D9C0-0E25C51809AC}</UniqueIdentifier>
    </Filter>
    <Filter Include="Source">
      <UniqueIdentifier>{56EB95D1-428D-C0A7-2B48-D4FB178947F8}</UniqueIdentifier>
    </Filter>
    <Filter Include="Source\Opengl">
      <UniqueIdentifier>{0ABCD946-767C-557D-3FB7-9EFAAB369A59}</UniqueIdentifier>
    </Filter>
    <Filter Include="Source\Window">
      <UniqueIdentifier>{7D1B0959-E9DB-848F-B216-CE0C1E96C96B}</UniqueIdentifier>
    </Filter>
  </ItemGroup>
  <ItemGroup>
    <ClInclude Include="Dependencies\GLFW\include\GLFW\glfw3.h">
      <Filter>Dependencies\GLFW\include\GLFW</Filter>
    </ClInclude>
    <ClInclude Include="Dependencies\GLFW\include\GLFW\glfw3native.h">
      <Filter>Dependencies\GLFW\include\GLFW</Filter>
    </ClInclude>
    <ClInclude Include="Dependencies\GLM\glm\simd\common.h">
      <Filter>Dependencies\GLM\glm\simd</Filter>
    </ClInclude>
    <ClInclude Include="Dependencies\GLM\glm\simd\exponential.h">
      <Filter>Dependencies\GLM\glm\simd</Filter>
    </ClInclude>
    <ClInclude Include="Dependencies\GLM\glm\simd\geometric.h">
      <Filter>Dependencies\GLM\glm\simd</Filter>
    </ClInclude>
    <ClInclude Include="Dependencies\GLM\glm\simd\integer.h">
      <Filter>Dependencies\GLM\glm\simd</Filter>
    </ClInclude>
    <ClInclude Include="Dependencies\GLM\glm\simd\matrix.h">
      <Filter>Dependencies\GLM\glm\simd</Filter>
    </ClInclude>
    <ClInclude Include="Dependencies\GLM\glm\simd\neon.h">
      <Filter>Dependencies\GLM\glm\simd</Filter>
    </ClInclude>
    <ClInclude Include="Dependencies\GLM\glm\simd\packing.h">
      <Filter>Dependencies\GLM\glm\simd</Filter>
    </ClInclude>
    <ClInclude Include="Dependencies\GLM\glm\simd\platform.h">
      <Filter>Dependencies\GLM\glm\simd</Filter>
    </ClInclude>
    <ClInclude Include="Dependencies\GLM\glm\simd\trigonometric.h">
      <Filter>Dependencies\GLM\glm\simd</Filter>
    </ClInclude>
    <ClInclude Include="Dependencies\GLM\glm\simd\vector_relational.h">
      <Filter>Dependencies\GLM\glm\simd</Filter>
    </ClInclude>
    <ClInclude Include="Dependencies\glad\include\KHR\khrplatform.h">
      <Filter>Dependencies\glad\include\KHR</Filter>
    </ClInclude>
    <ClInclude Include="Dependencies\glad\include\glad\glad.h">
      <Filter>Dependencies\glad\include\glad</Filter>
    </ClInclude>
    <ClInclude Include="Dependencies\stb\stb_image.h">
      <Filter>Dependencies\stb</Filter>
    </ClInclude>
    <ClInclude Include="Dependencies\stb\stb_image_write.h">
      <Filter>Dependencies\stb</Filter>
    </ClInclude>
    <ClInclude Include="SedenGL.h" />
    <ClInclude Include="Source\Application.h">
      <Filter>Source</Filter>
    </ClInclude>
    <ClInclude Include="Source\Core.h">
      <Filter>Source</Filter>
    </ClInclude>
    <ClInclude Include="Source\Log.h">
      <Filter>Source</Filter>
    </ClInclude>
    <ClInclude Include="Source\Opengl\Shader.h">
      <Filter>Source\Opengl</Filter>
    </ClInclude>
    <ClInclude Include="Source\Opengl\Texture.h">
      <Filter>Source\Opengl</Filter>
    </ClInclude>
    <ClInclude Include="Source\Opengl\UniformBuffer.h">
      <Filter>Source\Opengl</Filter>
    </ClInclude>
    <ClInclude Include="Source\Opengl\VertexArray.h">
      <Filter>Source\Opengl</Filter>
    </ClInclude>
    <ClInclude Include="Source\Opengl\buffer.h">
      <Filter>Source\Opengl</Filter>
    </ClInclude>
    <ClInclude Include="Source\Window\Window.h">
      <Filter>Source\Window</Filter>
    </ClInclude>
  </ItemGroup>
  <ItemGroup>
    <ClCompile Include="Dependencies\GLM\glm\detail\glm.cpp">
      <Filter>Dependencies\GLM\glm\detail</Filter>
    </ClCompile>
    <ClCompile Include="Source\Application.cpp">
      <Filter>Source</Filter>
    </ClCompile>
    <ClCompile Include="Source\Opengl\Buffer.cpp">
      <Filter>Source\Opengl</Filter>
    </ClCompile>
    <ClCompile Include="Source\Opengl\Shader.cpp">
      <Filter>Source\Opengl</Filter>
    </ClCompile>
    <ClCompile Include="Source\Opengl\Texture.cpp">
      <Filter>Source\Opengl</Filter>
    </ClCompile>
    <ClCompile Include="Source\Opengl\UniformBuffer.cpp">
      <Filter>Source\Opengl</Filter>
    </ClCompile>
    <ClCompile Include="Source\Opengl\VertexArray.cpp">
      <Filter>Source\Opengl</Filter>
    </ClCompile>
    <ClCompile Include="Source\Window\Window.cpp">
      <Filter>Source\Window</Filter>
    </ClCompile>
    <ClCompile Include="Source\Window\glad.c">
      <Filter>Source\Window</Filter>
    </ClCompile>
  </ItemGroup>
</Project>